
Microsoft Visual Studio Solution File, Format Version 12.00
# Visual Studio Version 17
VisualStudioVersion = 17.9.34622.214
MinimumVisualStudioVersion = 10.0.40219.1
Project("{9A19103F-16F7-4668-BE54-9A1E7A4F7556}") = "PracticeInternship.Application", "PracticeInternship.Application\PracticeInternship.Application.csproj", "{CE6B0247-BD58-46EE-B444-5E4D41240A60}"
EndProject
Project("{9A19103F-16F7-4668-BE54-9A1E7A4F7556}") = "PracticeInternship.Domain", "PracticeInternship.Domain\PracticeInternship.Domain.csproj", "{C40D387D-7D89-4711-9461-1EEBD8336146}"
EndProject
Project("{9A19103F-16F7-4668-BE54-9A1E7A4F7556}") = "PracticeInternship.Infrastructure", "PracticeInternship.Infrastructure\PracticeInternship.Infrastructure.csproj", "{EB6119D6-0BE0-4281-AA79-2D0A48CAA091}"
EndProject
Project("{9A19103F-16F7-4668-BE54-9A1E7A4F7556}") = "PracticeInternship.WebUI", "PracticeInternship.WebUI\PracticeInternship.WebUI.csproj", "{C6F8D2A2-40DF-4E3D-92AF-4B7DED23522A}"
EndProject
Project("{9A19103F-16F7-4668-BE54-9A1E7A4F7556}") = "PracticeInternship.API", "PracticeInternship.API\PracticeInternship.API.csproj", "{7CE09110-2A0C-4BD1-B5A4-4CD4D85D6A2B}"
EndProject
Global
	GlobalSection(SolutionConfigurationPlatforms) = preSolution
		Debug|Any CPU = Debug|Any CPU
		Release|Any CPU = Release|Any CPU
	EndGlobalSection
	GlobalSection(ProjectConfigurationPlatforms) = postSolution
		{CE6B0247-BD58-46EE-B444-5E4D41240A60}.Debug|Any CPU.ActiveCfg = Debug|Any CPU
		{CE6B0247-BD58-46EE-B444-5E4D41240A60}.Debug|Any CPU.Build.0 = Debug|Any CPU
		{CE6B0247-BD58-46EE-B444-5E4D41240A60}.Release|Any CPU.ActiveCfg = Release|Any CPU
		{CE6B0247-BD58-46EE-B444-5E4D41240A60}.Release|Any CPU.Build.0 = Release|Any CPU
		{C40D387D-7D89-4711-9461-1EEBD8336146}.Debug|Any CPU.ActiveCfg = Debug|Any CPU
		{C40D387D-7D89-4711-9461-1EEBD8336146}.Debug|Any CPU.Build.0 = Debug|Any CPU
		{C40D387D-7D89-4711-9461-1EEBD8336146}.Release|Any CPU.ActiveCfg = Release|Any CPU
		{C40D387D-7D89-4711-9461-1EEBD8336146}.Release|Any CPU.Build.0 = Release|Any CPU
		{EB6119D6-0BE0-4281-AA79-2D0A48CAA091}.Debug|Any CPU.ActiveCfg = Debug|Any CPU
		{EB6119D6-0BE0-4281-AA79-2D0A48CAA091}.Debug|Any CPU.Build.0 = Debug|Any CPU
		{EB6119D6-0BE0-4281-AA79-2D0A48CAA091}.Release|Any CPU.ActiveCfg = Release|Any CPU
		{EB6119D6-0BE0-4281-AA79-2D0A48CAA091}.Release|Any CPU.Build.0 = Release|Any CPU
		{C6F8D2A2-40DF-4E3D-92AF-4B7DED23522A}.Debug|Any CPU.ActiveCfg = Debug|Any CPU
		{C6F8D2A2-40DF-4E3D-92AF-4B7DED23522A}.Debug|Any CPU.Build.0 = Debug|Any CPU
		{C6F8D2A2-40DF-4E3D-92AF-4B7DED23522A}.Release|Any CPU.ActiveCfg = Release|Any CPU
		{C6F8D2A2-40DF-4E3D-92AF-4B7DED23522A}.Release|Any CPU.Build.0 = Release|Any CPU
		{7CE09110-2A0C-4BD1-B5A4-4CD4D85D6A2B}.Debug|Any CPU.ActiveCfg = Debug|Any CPU
		{7CE09110-2A0C-4BD1-B5A4-4CD4D85D6A2B}.Debug|Any CPU.Build.0 = Debug|Any CPU
		{7CE09110-2A0C-4BD1-B5A4-4CD4D85D6A2B}.Release|Any CPU.ActiveCfg = Release|Any CPU
		{7CE09110-2A0C-4BD1-B5A4-4CD4D85D6A2B}.Release|Any CPU.Build.0 = Release|Any CPU
	EndGlobalSection
	GlobalSection(SolutionProperties) = preSolution
		HideSolutionNode = FALSE
	EndGlobalSection
	GlobalSection(ExtensibilityGlobals) = postSolution
		SolutionGuid = {FF1EF84A-EA49-4FE9-994B-4D4871B9A59D}
	EndGlobalSection
EndGlobal
